<?xml version="1.0" encoding="utf-8"?>
<Project ToolsVersion="4.0" xmlns="http://schemas.microsoft.com/developer/msbuild/2003">
  <ItemGroup>
    <Filter Include="Source Files">
      <UniqueIdentifier>{4FC737F1-C7A5-4376-A066-2A32D752A2FF}</UniqueIdentifier>
      <Extensions>cpp;c;cc;cxx;def;odl;idl;hpj;bat;asm;asmx</Extensions>
    </Filter>
    <Filter Include="Header Files">
      <UniqueIdentifier>{93995380-89BD-4b04-88EB-625FBE52EBFB}</UniqueIdentifier>
      <Extensions>h;hh;hpp;hxx;hm;inl;inc;xsd</Extensions>
    </Filter>
    <Filter Include="Resource Files">
      <UniqueIdentifier>{67DA6AB6-F800-4c08-8B7A-83BB121AAD01}</UniqueIdentifier>
      <Extensions>rc;ico;cur;bmp;dlg;rc2;rct;bin;rgs;gif;jpg;jpeg;jpe;resx;tiff;tif;png;wav</Extensions>
    </Filter>
  </ItemGroup>
  <ItemGroup>
    <ClInclude Include="Sources\header\Behavior.h">
      <Filter>Header Files</Filter>
    </ClInclude>
    <ClInclude Include="Sources\header\Engine.h">
      <Filter>Header Files</Filter>
    </ClInclude>
    <ClInclude Include="Sources\header\GameObject.h">
      <Filter>Header Files</Filter>
    </ClInclude>
    <ClInclude Include="Sources\header\Map.h">
      <Filter>Header Files</Filter>
    </ClInclude>
    <ClInclude Include="Sources\header\MapManager.h">
      <Filter>Header Files</Filter>
    </ClInclude>
    <ClInclude Include="Sources\header\singleton.h">
      <Filter>Header Files</Filter>
    </ClInclude>
    <ClInclude Include="Sources\header\types.h">
      <Filter>Header Files</Filter>
    </ClInclude>
    <ClInclude Include="Sources\header\Simple2D.h">
      <Filter>Header Files</Filter>
    </ClInclude>
    <ClInclude Include="Sources\header\ui.h">
      <Filter>Header Files</Filter>
    </ClInclude>
    <ClInclude Include="Sources\header\RenderableUiElement.h">
      <Filter>Header Files</Filter>
    </ClInclude>
    <ClInclude Include="Sources\header\Globals.h">
      <Filter>Header Files</Filter>
    </ClInclude>
    <ClInclude Include="Sources\header\UiManager.h">
      <Filter>Header Files</Filter>
    </ClInclude>
    <ClInclude Include="Sources\header\Character.h">
      <Filter>Header Files</Filter>
    </ClInclude>
    <ClInclude Include="Sources\header\ExpandingMap.h">
      <Filter>Header Files</Filter>
    </ClInclude>
    <ClInclude Include="Sources\header\GameObjectRenderer.h">
      <Filter>Header Files</Filter>
    </ClInclude>
  </ItemGroup>
  <ItemGroup>
    <ClCompile Include="Sources\src\GameObject.cpp">
      <Filter>Source Files</Filter>
    </ClCompile>
    <ClCompile Include="Sources\src\Map.cpp">
      <Filter>Source Files</Filter>
    </ClCompile>
    <ClCompile Include="Sources\src\MapManager.cpp">
      <Filter>Source Files</Filter>
    </ClCompile>
    <ClCompile Include="Sources\src\Simple2D.cpp">
      <Filter>Source Files</Filter>
    </ClCompile>
    <ClCompile Include="Sources\src\types.cpp">
      <Filter>Source Files</Filter>
    </ClCompile>
    <ClCompile Include="Sources\src\RenderableUiElement.cpp">
      <Filter>Source Files</Filter>
    </ClCompile>
    <ClCompile Include="Sources\src\ui.cpp">
      <Filter>Source Files</Filter>
    </ClCompile>
    <ClCompile Include="Sources\src\UiManager.cpp">
      <Filter>Source Files</Filter>
    </ClCompile>
    <ClCompile Include="Sources\src\Character.cpp">
      <Filter>Source Files</Filter>
    </ClCompile>
    <ClCompile Include="Sources\src\GameObjectRenderer.cpp">
      <Filter>Source Files</Filter>
    </ClCompile>
    <ClCompile Include="Sources\src\Engine.cpp">
      <Filter>Source Files</Filter>
    </ClCompile>
  </ItemGroup>
  <ItemGroup>
    <None Include="..\TestGame\fragment.shader">
      <Filter>Resource Files</Filter>
    </None>
    <None Include="..\TestGame\vertex.shader">
      <Filter>Resource Files</Filter>
    </None>
  </ItemGroup>
</Project>